
Microsoft Visual Studio Solution File, Format Version 12.00
# Visual Studio 15
VisualStudioVersion = 15.0.27130.2020
MinimumVisualStudioVersion = 10.0.40219.1
Project("{FAE04EC0-301F-11D3-BF4B-00C04F79EFBC}") = "DatabaseSourceControlTest2", "DatabaseSourceControlTest2\DatabaseSourceControlTest2.csproj", "{2ADF628A-3A8D-402D-86D7-2FC1291B9F25}"
EndProject
Project("{00D1A9C2-B5F0-4AF3-8072-F6C62B433612}") = "Database1", "Database1\Database1.sqlproj", "{1E1D7FF1-4C86-46CF-87C1-BCCE6A8DC18D}"
EndProject
Project("{00D1A9C2-B5F0-4AF3-8072-F6C62B433612}") = "TestDB", "TestDB\TestDB.sqlproj", "{35231371-4EC2-47EF-9124-6CD78124B3A4}"
EndProject
Global
	GlobalSection(SolutionConfigurationPlatforms) = preSolution
		Debug|Any CPU = Debug|Any CPU
		Release|Any CPU = Release|Any CPU
	EndGlobalSection
	GlobalSection(ProjectConfigurationPlatforms) = postSolution
		{2ADF628A-3A8D-402D-86D7-2FC1291B9F25}.Debug|Any CPU.ActiveCfg = Debug|Any CPU
		{2ADF628A-3A8D-402D-86D7-2FC1291B9F25}.Debug|Any CPU.Build.0 = Debug|Any CPU
		{2ADF628A-3A8D-402D-86D7-2FC1291B9F25}.Release|Any CPU.ActiveCfg = Release|Any CPU
		{2ADF628A-3A8D-402D-86D7-2FC1291B9F25}.Release|Any CPU.Build.0 = Release|Any CPU
		{1E1D7FF1-4C86-46CF-87C1-BCCE6A8DC18D}.Debug|Any CPU.ActiveCfg = Debug|Any CPU
		{1E1D7FF1-4C86-46CF-87C1-BCCE6A8DC18D}.Debug|Any CPU.Build.0 = Debug|Any CPU
		{1E1D7FF1-4C86-46CF-87C1-BCCE6A8DC18D}.Debug|Any CPU.Deploy.0 = Debug|Any CPU
		{1E1D7FF1-4C86-46CF-87C1-BCCE6A8DC18D}.Release|Any CPU.ActiveCfg = Release|Any CPU
		{1E1D7FF1-4C86-46CF-87C1-BCCE6A8DC18D}.Release|Any CPU.Build.0 = Release|Any CPU
		{1E1D7FF1-4C86-46CF-87C1-BCCE6A8DC18D}.Release|Any CPU.Deploy.0 = Release|Any CPU
		{35231371-4EC2-47EF-9124-6CD78124B3A4}.Debug|Any CPU.ActiveCfg = Debug|Any CPU
		{35231371-4EC2-47EF-9124-6CD78124B3A4}.Debug|Any CPU.Build.0 = Debug|Any CPU
		{35231371-4EC2-47EF-9124-6CD78124B3A4}.Debug|Any CPU.Deploy.0 = Debug|Any CPU
		{35231371-4EC2-47EF-9124-6CD78124B3A4}.Release|Any CPU.ActiveCfg = Release|Any CPU
		{35231371-4EC2-47EF-9124-6CD78124B3A4}.Release|Any CPU.Build.0 = Release|Any CPU
		{35231371-4EC2-47EF-9124-6CD78124B3A4}.Release|Any CPU.Deploy.0 = Release|Any CPU
	EndGlobalSection
	GlobalSection(SolutionProperties) = preSolution
		HideSolutionNode = FALSE
	EndGlobalSection
	GlobalSection(ExtensibilityGlobals) = postSolution
		SolutionGuid = {E430283C-C0A1-40A3-91C4-BE61A8D55256}
	EndGlobalSection
EndGlobal
